<?xml version="1.0" encoding="utf-8"?>
<Project ToolsVersion="4.0" xmlns="http://schemas.microsoft.com/developer/msbuild/2003">
  <ItemGroup>
    <Filter Include="Source Files">
      <UniqueIdentifier>{4FC737F1-C7A5-4376-A066-2A32D752A2FF}</UniqueIdentifier>
      <Extensions>cpp;c;cc;cxx;def;odl;idl;hpj;bat;asm;asmx</Extensions>
    </Filter>
    <Filter Include="Header Files">
      <UniqueIdentifier>{93995380-89BD-4b04-88EB-625FBE52EBFB}</UniqueIdentifier>
      <Extensions>h;hh;hpp;hxx;hm;inl;inc;xsd</Extensions>
    </Filter>
    <Filter Include="Resource Files">
      <UniqueIdentifier>{67DA6AB6-F800-4c08-8B7A-83BB121AAD01}</UniqueIdentifier>
      <Extensions>rc;ico;cur;bmp;dlg;rc2;rct;bin;rgs;gif;jpg;jpeg;jpe;resx;tiff;tif;png;wav</Extensions>
    </Filter>
  </ItemGroup>
  <ItemGroup>
    <ClCompile Include="..\external_tools\googletest\googlemock\src\gmock-all.cc">
      <Filter>Source Files</Filter>
    </ClCompile>
    <ClCompile Include="..\external_tools\googletest\googlemock\src\gmock-cardinalities.cc">
      <Filter>Source Files</Filter>
    </ClCompile>
    <ClCompile Include="..\external_tools\googletest\googlemock\src\gmock-internal-utils.cc">
      <Filter>Source Files</Filter>
    </ClCompile>
    <ClCompile Include="..\external_tools\googletest\googlemock\src\gmock-matchers.cc">
      <Filter>Source Files</Filter>
    </ClCompile>
    <ClCompile Include="..\external_tools\googletest\googlemock\src\gmock-spec-builders.cc">
      <Filter>Source Files</Filter>
    </ClCompile>
    <ClCompile Include="..\external_tools\googletest\googlemock\src\gmock.cc">
      <Filter>Source Files</Filter>
    </ClCompile>
    <ClCompile Include="..\external_tools\googletest\googlemock\src\gmock_main.cc">
      <Filter>Source Files</Filter>
    </ClCompile>
    <ClCompile Include="..\external_tools\googletest\googlemock\test\gmock-actions_test.cc">
      <Filter>Source Files</Filter>
    </ClCompile>
    <ClCompile Include="..\external_tools\googletest\googlemock\test\gmock-cardinalities_test.cc">
      <Filter>Source Files</Filter>
    </ClCompile>
    <ClCompile Include="..\external_tools\googletest\googlemock\test\gmock-generated-actions_test.cc">
      <Filter>Source Files</Filter>
    </ClCompile>
    <ClCompile Include="..\external_tools\googletest\googlemock\test\gmock-generated-function-mockers_test.cc">
      <Filter>Source Files</Filter>
    </ClCompile>
    <ClCompile Include="..\external_tools\googletest\googlemock\test\gmock-generated-internal-utils_test.cc">
      <Filter>Source Files</Filter>
    </ClCompile>
    <ClCompile Include="..\external_tools\googletest\googlemock\test\gmock-generated-matchers_test.cc">
      <Filter>Source Files</Filter>
    </ClCompile>
    <ClCompile Include="..\external_tools\googletest\googlemock\test\gmock-internal-utils_test.cc">
      <Filter>Source Files</Filter>
    </ClCompile>
    <ClCompile Include="..\external_tools\googletest\googlemock\test\gmock-matchers_test.cc">
      <Filter>Source Files</Filter>
    </ClCompile>
    <ClCompile Include="..\external_tools\googletest\googlemock\test\gmock-more-actions_test.cc">
      <Filter>Source Files</Filter>
    </ClCompile>
    <ClCompile Include="..\external_tools\googletest\googlemock\test\gmock-nice-strict_test.cc">
      <Filter>Source Files</Filter>
    </ClCompile>
    <ClCompile Include="..\external_tools\googletest\googlemock\test\gmock-port_test.cc">
      <Filter>Source Files</Filter>
    </ClCompile>
    <ClCompile Include="..\external_tools\googletest\googlemock\test\gmock-spec-builders_test.cc">
      <Filter>Source Files</Filter>
    </ClCompile>
    <ClCompile Include="..\external_tools\googletest\googlemock\test\gmock_all_test.cc">
      <Filter>Source Files</Filter>
    </ClCompile>
    <ClCompile Include="..\external_tools\googletest\googlemock\test\gmock_ex_test.cc">
      <Filter>Source Files</Filter>
    </ClCompile>
    <ClCompile Include="..\external_tools\googletest\googlemock\test\gmock_leak_test_.cc">
      <Filter>Source Files</Filter>
    </ClCompile>
    <ClCompile Include="..\external_tools\googletest\googlemock\test\gmock_link2_test.cc">
      <Filter>Source Files</Filter>
    </ClCompile>
    <ClCompile Include="..\external_tools\googletest\googlemock\test\gmock_link_test.cc">
      <Filter>Source Files</Filter>
    </ClCompile>
    <ClCompile Include="..\external_tools\googletest\googlemock\test\gmock_output_test_.cc">
      <Filter>Source Files</Filter>
    </ClCompile>
    <ClCompile Include="..\external_tools\googletest\googlemock\test\gmock_stress_test.cc">
      <Filter>Source Files</Filter>
    </ClCompile>
    <ClCompile Include="..\external_tools\googletest\googlemock\test\gmock_test.cc">
      <Filter>Source Files</Filter>
    </ClCompile>
    <ClCompile Include="..\external_tools\googletest\googletest\codegear\gtest_all.cc">
      <Filter>Source Files</Filter>
    </ClCompile>
    <ClCompile Include="..\external_tools\googletest\googletest\codegear\gtest_link.cc">
      <Filter>Source Files</Filter>
    </ClCompile>
    <ClCompile Include="..\external_tools\googletest\googletest\samples\sample1.cc">
      <Filter>Source Files</Filter>
    </ClCompile>
    <ClCompile Include="..\external_tools\googletest\googletest\samples\sample10_unittest.cc">
      <Filter>Source Files</Filter>
    </ClCompile>
    <ClCompile Include="..\external_tools\googletest\googletest\samples\sample1_unittest.cc">
      <Filter>Source Files</Filter>
    </ClCompile>
    <ClCompile Include="..\external_tools\googletest\googletest\samples\sample2.cc">
      <Filter>Source Files</Filter>
    </ClCompile>
    <ClCompile Include="..\external_tools\googletest\googletest\samples\sample2_unittest.cc">
      <Filter>Source Files</Filter>
    </ClCompile>
    <ClCompile Include="..\external_tools\googletest\googletest\samples\sample3_unittest.cc">
      <Filter>Source Files</Filter>
    </ClCompile>
    <ClCompile Include="..\external_tools\googletest\googletest\samples\sample4.cc">
      <Filter>Source Files</Filter>
    </ClCompile>
    <ClCompile Include="..\external_tools\googletest\googletest\samples\sample4_unittest.cc">
      <Filter>Source Files</Filter>
    </ClCompile>
    <ClCompile Include="..\external_tools\googletest\googletest\samples\sample5_unittest.cc">
      <Filter>Source Files</Filter>
    </ClCompile>
    <ClCompile Include="..\external_tools\googletest\googletest\samples\sample6_unittest.cc">
      <Filter>Source Files</Filter>
    </ClCompile>
    <ClCompile Include="..\external_tools\googletest\googletest\samples\sample7_unittest.cc">
      <Filter>Source Files</Filter>
    </ClCompile>
    <ClCompile Include="..\external_tools\googletest\googletest\samples\sample8_unittest.cc">
      <Filter>Source Files</Filter>
    </ClCompile>
    <ClCompile Include="..\external_tools\googletest\googletest\samples\sample9_unittest.cc">
      <Filter>Source Files</Filter>
    </ClCompile>
    <ClCompile Include="..\external_tools\googletest\googletest\src\gtest-all.cc">
      <Filter>Source Files</Filter>
    </ClCompile>
    <ClCompile Include="..\external_tools\googletest\googletest\src\gtest-death-test.cc">
      <Filter>Source Files</Filter>
    </ClCompile>
    <ClCompile Include="..\external_tools\googletest\googletest\src\gtest-filepath.cc">
      <Filter>Source Files</Filter>
    </ClCompile>
    <ClCompile Include="..\external_tools\googletest\googletest\src\gtest-port.cc">
      <Filter>Source Files</Filter>
    </ClCompile>
    <ClCompile Include="..\external_tools\googletest\googletest\src\gtest-printers.cc">
      <Filter>Source Files</Filter>
    </ClCompile>
    <ClCompile Include="..\external_tools\googletest\googletest\src\gtest-test-part.cc">
      <Filter>Source Files</Filter>
    </ClCompile>
    <ClCompile Include="..\external_tools\googletest\googletest\src\gtest-typed-test.cc">
      <Filter>Source Files</Filter>
    </ClCompile>
    <ClCompile Include="..\external_tools\googletest\googletest\src\gtest.cc">
      <Filter>Source Files</Filter>
    </ClCompile>
    <ClCompile Include="..\external_tools\googletest\googletest\src\gtest_main.cc">
      <Filter>Source Files</Filter>
    </ClCompile>
    <ClCompile Include="..\external_tools\googletest\googletest\test\gtest-death-test_ex_test.cc">
      <Filter>Source Files</Filter>
    </ClCompile>
    <ClCompile Include="..\external_tools\googletest\googletest\test\gtest-death-test_test.cc">
      <Filter>Source Files</Filter>
    </ClCompile>
    <ClCompile Include="..\external_tools\googletest\googletest\test\gtest-filepath_test.cc">
      <Filter>Source Files</Filter>
    </ClCompile>
    <ClCompile Include="..\external_tools\googletest\googletest\test\gtest-linked_ptr_test.cc">
      <Filter>Source Files</Filter>
    </ClCompile>
    <ClCompile Include="..\external_tools\googletest\googletest\test\gtest-listener_test.cc">
      <Filter>Source Files</Filter>
    </ClCompile>
    <ClCompile Include="..\external_tools\googletest\googletest\test\gtest-message_test.cc">
      <Filter>Source Files</Filter>
    </ClCompile>
    <ClCompile Include="..\external_tools\googletest\googletest\test\gtest-options_test.cc">
      <Filter>Source Files</Filter>
    </ClCompile>
    <ClCompile Include="..\external_tools\googletest\googletest\test\gtest-param-test2_test.cc">
      <Filter>Source Files</Filter>
    </ClCompile>
    <ClCompile Include="..\external_tools\googletest\googletest\test\gtest-param-test_test.cc">
      <Filter>Source Files</Filter>
    </ClCompile>
    <ClCompile Include="..\external_tools\googletest\googletest\test\gtest-port_test.cc">
      <Filter>Source Files</Filter>
    </ClCompile>
    <ClCompile Include="..\external_tools\googletest\googletest\test\gtest-printers_test.cc">
      <Filter>Source Files</Filter>
    </ClCompile>
    <ClCompile Include="..\external_tools\googletest\googletest\test\gtest-test-part_test.cc">
      <Filter>Source Files</Filter>
    </ClCompile>
    <ClCompile Include="..\external_tools\googletest\googletest\test\gtest-tuple_test.cc">
      <Filter>Source Files</Filter>
    </ClCompile>
    <ClCompile Include="..\external_tools\googletest\googletest\test\gtest-typed-test2_test.cc">
      <Filter>Source Files</Filter>
    </ClCompile>
    <ClCompile Include="..\external_tools\googletest\googletest\test\gtest-typed-test_test.cc">
      <Filter>Source Files</Filter>
    </ClCompile>
    <ClCompile Include="..\external_tools\googletest\googletest\test\gtest-unittest-api_test.cc">
      <Filter>Source Files</Filter>
    </ClCompile>
    <ClCompile Include="..\external_tools\googletest\googletest\test\gtest_all_test.cc">
      <Filter>Source Files</Filter>
    </ClCompile>
    <ClCompile Include="..\external_tools\googletest\googletest\test\gtest_break_on_failure_unittest_.cc">
      <Filter>Source Files</Filter>
    </ClCompile>
    <ClCompile Include="..\external_tools\googletest\googletest\test\gtest_catch_exceptions_test_.cc">
      <Filter>Source Files</Filter>
    </ClCompile>
    <ClCompile Include="..\external_tools\googletest\googletest\test\gtest_color_test_.cc">
      <Filter>Source Files</Filter>
    </ClCompile>
    <ClCompile Include="..\external_tools\googletest\googletest\test\gtest_environment_test.cc">
      <Filter>Source Files</Filter>
    </ClCompile>
    <ClCompile Include="..\external_tools\googletest\googletest\test\gtest_env_var_test_.cc">
      <Filter>Source Files</Filter>
    </ClCompile>
    <ClCompile Include="..\external_tools\googletest\googletest\test\gtest_filter_unittest_.cc">
      <Filter>Source Files</Filter>
    </ClCompile>
    <ClCompile Include="..\external_tools\googletest\googletest\test\gtest_help_test_.cc">
      <Filter>Source Files</Filter>
    </ClCompile>
    <ClCompile Include="..\external_tools\googletest\googletest\test\gtest_list_tests_unittest_.cc">
      <Filter>Source Files</Filter>
    </ClCompile>
    <ClCompile Include="..\external_tools\googletest\googletest\test\gtest_main_unittest.cc">
      <Filter>Source Files</Filter>
    </ClCompile>
    <ClCompile Include="..\external_tools\googletest\googletest\test\gtest_no_test_unittest.cc">
      <Filter>Source Files</Filter>
    </ClCompile>
    <ClCompile Include="..\external_tools\googletest\googletest\test\gtest_output_test_.cc">
      <Filter>Source Files</Filter>
    </ClCompile>
    <ClCompile Include="..\external_tools\googletest\googletest\test\gtest_pred_impl_unittest.cc">
      <Filter>Source Files</Filter>
    </ClCompile>
    <ClCompile Include="..\external_tools\googletest\googletest\test\gtest_premature_exit_test.cc">
      <Filter>Source Files</Filter>
    </ClCompile>
    <ClCompile Include="..\external_tools\googletest\googletest\test\gtest_prod_test.cc">
      <Filter>Source Files</Filter>
    </ClCompile>
    <ClCompile Include="..\external_tools\googletest\googletest\test\gtest_repeat_test.cc">
      <Filter>Source Files</Filter>
    </ClCompile>
    <ClCompile Include="..\external_tools\googletest\googletest\test\gtest_shuffle_test_.cc">
      <Filter>Source Files</Filter>
    </ClCompile>
    <ClCompile Include="..\external_tools\googletest\googletest\test\gtest_sole_header_test.cc">
      <Filter>Source Files</Filter>
    </ClCompile>
    <ClCompile Include="..\external_tools\googletest\googletest\test\gtest_stress_test.cc">
      <Filter>Source Files</Filter>
    </ClCompile>
    <ClCompile Include="..\external_tools\googletest\googletest\test\gtest_throw_on_failure_ex_test.cc">
      <Filter>Source Files</Filter>
    </ClCompile>
    <ClCompile Include="..\external_tools\googletest\googletest\test\gtest_throw_on_failure_test_.cc">
      <Filter>Source Files</Filter>
    </ClCompile>
    <ClCompile Include="..\external_tools\googletest\googletest\test\gtest_uninitialized_test_.cc">
      <Filter>Source Files</Filter>
    </ClCompile>
    <ClCompile Include="..\external_tools\googletest\googletest\test\gtest_unittest.cc">
      <Filter>Source Files</Filter>
    </ClCompile>
    <ClCompile Include="..\external_tools\googletest\googletest\test\gtest_xml_outfile1_test_.cc">
      <Filter>Source Files</Filter>
    </ClCompile>
    <ClCompile Include="..\external_tools\googletest\googletest\test\gtest_xml_outfile2_test_.cc">
      <Filter>Source Files</Filter>
    </ClCompile>
    <ClCompile Include="..\external_tools\googletest\googletest\test\gtest_xml_output_unittest_.cc">
      <Filter>Source Files</Filter>
    </ClCompile>
    <ClCompile Include="..\external_tools\googletest\googletest\test\production.cc">
      <Filter>Source Files</Filter>
    </ClCompile>
    <ClCompile Include="..\external_tools\googletest\googletest\xcode\samples\frameworksample\widget.cc">
      <Filter>Source Files</Filter>
    </ClCompile>
    <ClCompile Include="..\external_tools\googletest\googletest\xcode\samples\frameworksample\widget_test.cc">
      <Filter>Source Files</Filter>
    </ClCompile>
    <ClCompile Include="..\external_tools\sqlplot-tools\examples\sorting-speed\sorting-speed.cpp">
      <Filter>Source Files</Filter>
    </ClCompile>
    <ClCompile Include="..\external_tools\sqlplot-tools\examples\stats_writer\test.cpp">
      <Filter>Source Files</Filter>
    </ClCompile>
    <ClCompile Include="..\external_tools\sqlplot-tools\src\common.cpp">
      <Filter>Source Files</Filter>
    </ClCompile>
    <ClCompile Include="..\external_tools\sqlplot-tools\src\fieldset.cpp">
      <Filter>Source Files</Filter>
    </ClCompile>
    <ClCompile Include="..\external_tools\sqlplot-tools\src\gnuplot.cpp">
      <Filter>Source Files</Filter>
    </ClCompile>
    <ClCompile Include="..\external_tools\sqlplot-tools\src\importdata.cpp">
      <Filter>Source Files</Filter>
    </ClCompile>
    <ClCompile Include="..\external_tools\sqlplot-tools\src\latex.cpp">
      <Filter>Source Files</Filter>
    </ClCompile>
    <ClCompile Include="..\external_tools\sqlplot-tools\src\mysql.cpp">
      <Filter>Source Files</Filter>
    </ClCompile>
    <ClCompile Include="..\external_tools\sqlplot-tools\src\pgsql.cpp">
      <Filter>Source Files</Filter>
    </ClCompile>
    <ClCompile Include="..\external_tools\sqlplot-tools\src\reformat.cpp">
      <Filter>Source Files</Filter>
    </ClCompile>
    <ClCompile Include="..\external_tools\sqlplot-tools\src\sp-process.cpp">
      <Filter>Source Files</Filter>
    </ClCompile>
    <ClCompile Include="..\external_tools\sqlplot-tools\src\sql.cpp">
      <Filter>Source Files</Filter>
    </ClCompile>
    <ClCompile Include="..\external_tools\sqlplot-tools\src\sqlite-functions.cpp">
      <Filter>Source Files</Filter>
    </ClCompile>
    <ClCompile Include="..\external_tools\sqlplot-tools\src\sqlite.cpp">
      <Filter>Source Files</Filter>
    </ClCompile>
    <ClCompile Include="..\external_tools\xxhash\xxhash.c">
      <Filter>Source Files</Filter>
    </ClCompile>
    <ClCompile Include="..\external_tools\xxhash\xxhsum.c">
      <Filter>Source Files</Filter>
    </ClCompile>
    <ClCompile Include="..\kahypar\application\kahypar.cc">
      <Filter>Source Files</Filter>
    </ClCompile>
    <ClCompile Include="..\tests\datastructure\binary_heap_test.cc">
      <Filter>Source Files</Filter>
    </ClCompile>
    <ClCompile Include="..\tests\datastructure\hypergraph_test.cc">
      <Filter>Source Files</Filter>
    </ClCompile>
    <ClCompile Include="..\tests\datastructure\incidence_set_test.cc">
      <Filter>Source Files</Filter>
    </ClCompile>
    <ClCompile Include="..\tests\datastructure\kway_priority_queue_test.cc">
      <Filter>Source Files</Filter>
    </ClCompile>
    <ClCompile Include="..\tests\datastructure\priority_queue_test.cc">
      <Filter>Source Files</Filter>
    </ClCompile>
    <ClCompile Include="..\tests\datastructure\sparse_map_test.cc">
      <Filter>Source Files</Filter>
    </ClCompile>
    <ClCompile Include="..\tests\datastructure\sparse_set_test.cc">
      <Filter>Source Files</Filter>
    </ClCompile>
    <ClCompile Include="..\tests\end_to_end\kahypar_integration_tests.cc">
      <Filter>Source Files</Filter>
    </ClCompile>
    <ClCompile Include="..\tests\io\hypergraph_io_test.cc">
      <Filter>Source Files</Filter>
    </ClCompile>
    <ClCompile Include="..\tests\meta\static_multi_dispatch_factory_test.cc">
      <Filter>Source Files</Filter>
    </ClCompile>
    <ClCompile Include="..\tests\partition\metrics_test.cc">
      <Filter>Source Files</Filter>
    </ClCompile>
    <ClCompile Include="..\tests\partition\partitioner_test.cc">
      <Filter>Source Files</Filter>
    </ClCompile>
    <ClCompile Include="..\tests\partition\coarsening\full_vertex_pair_coarsener_test.cc">
      <Filter>Source Files</Filter>
    </ClCompile>
    <ClCompile Include="..\tests\partition\coarsening\heavy_edge_rater_test.cc">
      <Filter>Source Files</Filter>
    </ClCompile>
    <ClCompile Include="..\tests\partition\coarsening\lazy_vertex_pair_coarsener_test.cc">
      <Filter>Source Files</Filter>
    </ClCompile>
    <ClCompile Include="..\tests\partition\initial_partitioning\bfs_partitioner_test.cc">
      <Filter>Source Files</Filter>
    </ClCompile>
    <ClCompile Include="..\tests\partition\initial_partitioning\gain_computation_test.cc">
      <Filter>Source Files</Filter>
    </ClCompile>
    <ClCompile Include="..\tests\partition\initial_partitioning\greedy_hypergraph_growing_functionality_test.cc">
      <Filter>Source Files</Filter>
    </ClCompile>
    <ClCompile Include="..\tests\partition\initial_partitioning\greedy_hypergraph_growing_partitioner_test.cc">
      <Filter>Source Files</Filter>
    </ClCompile>
    <ClCompile Include="..\tests\partition\initial_partitioning\greedy_queue_selection_test.cc">
      <Filter>Source Files</Filter>
    </ClCompile>
    <ClCompile Include="..\tests\partition\initial_partitioning\initial_partitioner_base_test.cc">
      <Filter>Source Files</Filter>
    </ClCompile>
    <ClCompile Include="..\tests\partition\initial_partitioning\label_propagation_functionality_test.cc">
      <Filter>Source Files</Filter>
    </ClCompile>
    <ClCompile Include="..\tests\partition\initial_partitioning\label_propagation_partitioner_test.cc">
      <Filter>Source Files</Filter>
    </ClCompile>
    <ClCompile Include="..\tests\partition\initial_partitioning\random_partitioner_test.cc">
      <Filter>Source Files</Filter>
    </ClCompile>
    <ClCompile Include="..\tests\partition\refinement\k_way_fm_refiner_test.cc">
      <Filter>Source Files</Filter>
    </ClCompile>
    <ClCompile Include="..\tests\partition\refinement\max_gain_node_k_way_fm_refiner_test.cc">
      <Filter>Source Files</Filter>
    </ClCompile>
    <ClCompile Include="..\tests\partition\refinement\two_way_fm_refiner_test.cc">
      <Filter>Source Files</Filter>
    </ClCompile>
    <ClCompile Include="..\tests\utils\math_test.cc">
      <Filter>Source Files</Filter>
    </ClCompile>
    <ClCompile Include="..\tools\bookshelf_to_hgr_converter.cc">
      <Filter>Source Files</Filter>
    </ClCompile>
    <ClCompile Include="..\tools\bookshelf_to_hgr_converter_test.cc">
      <Filter>Source Files</Filter>
    </ClCompile>
    <ClCompile Include="..\tools\cnf_to_hgr_converter.cc">
      <Filter>Source Files</Filter>
    </ClCompile>
    <ClCompile Include="..\tools\cnf_to_hgr_converter_test.cc">
      <Filter>Source Files</Filter>
    </ClCompile>
    <ClCompile Include="..\tools\create_weighted_hgr.cc">
      <Filter>Source Files</Filter>
    </ClCompile>
    <ClCompile Include="..\tools\graph_to_hgr_converter.cc">
      <Filter>Source Files</Filter>
    </ClCompile>
    <ClCompile Include="..\tools\hgr_to_bipartite_graphml_converter.cc">
      <Filter>Source Files</Filter>
    </ClCompile>
    <ClCompile Include="..\tools\hgr_to_bipartite_metis_graph_converter.cc">
      <Filter>Source Files</Filter>
    </ClCompile>
    <ClCompile Include="..\tools\hgr_to_edge_list_conversion_test.cc">
      <Filter>Source Files</Filter>
    </ClCompile>
    <ClCompile Include="..\tools\hgr_to_edge_list_converter.cc">
      <Filter>Source Files</Filter>
    </ClCompile>
    <ClCompile Include="..\tools\hgr_to_hypergraphml_converter.cc">
      <Filter>Source Files</Filter>
    </ClCompile>
    <ClCompile Include="..\tools\hgr_to_patoh_converter.cc">
      <Filter>Source Files</Filter>
    </ClCompile>
    <ClCompile Include="..\tools\hmetis_lib_test.cc">
      <Filter>Source Files</Filter>
    </ClCompile>
    <ClCompile Include="..\tools\hypergraph_analyzer.cc">
      <Filter>Source Files</Filter>
    </ClCompile>
    <ClCompile Include="..\tools\hypergraph_statistics.cc">
      <Filter>Source Files</Filter>
    </ClCompile>
    <ClCompile Include="..\tools\mtx_to_hgr_conversion.cc">
      <Filter>Source Files</Filter>
    </ClCompile>
    <ClCompile Include="..\tools\mtx_to_hgr_converter.cc">
      <Filter>Source Files</Filter>
    </ClCompile>
    <ClCompile Include="..\tools\mtx_to_hgr_converter_test.cc">
      <Filter>Source Files</Filter>
    </ClCompile>
    <ClCompile Include="..\tools\verify_partition.cc">
      <Filter>Source Files</Filter>
    </ClCompile>
  </ItemGroup>
  <ItemGroup>
    <ClInclude Include="..\external_tools\googletest\googlemock\include\gmock\gmock-actions.h">
      <Filter>Header Files</Filter>
    </ClInclude>
    <ClInclude Include="..\external_tools\googletest\googlemock\include\gmock\gmock-cardinalities.h">
      <Filter>Header Files</Filter>
    </ClInclude>
    <ClInclude Include="..\external_tools\googletest\googlemock\include\gmock\gmock-generated-actions.h">
      <Filter>Header Files</Filter>
    </ClInclude>
    <ClInclude Include="..\external_tools\googletest\googlemock\include\gmock\gmock-generated-function-mockers.h">
      <Filter>Header Files</Filter>
    </ClInclude>
    <ClInclude Include="..\external_tools\googletest\googlemock\include\gmock\gmock-generated-matchers.h">
      <Filter>Header Files</Filter>
    </ClInclude>
    <ClInclude Include="..\external_tools\googletest\googlemock\include\gmock\gmock-generated-nice-strict.h">
      <Filter>Header Files</Filter>
    </ClInclude>
    <ClInclude Include="..\external_tools\googletest\googlemock\include\gmock\gmock-matchers.h">
      <Filter>Header Files</Filter>
    </ClInclude>
    <ClInclude Include="..\external_tools\googletest\googlemock\include\gmock\gmock-more-actions.h">
      <Filter>Header Files</Filter>
    </ClInclude>
    <ClInclude Include="..\external_tools\googletest\googlemock\include\gmock\gmock-more-matchers.h">
      <Filter>Header Files</Filter>
    </ClInclude>
    <ClInclude Include="..\external_tools\googletest\googlemock\include\gmock\gmock-spec-builders.h">
      <Filter>Header Files</Filter>
    </ClInclude>
    <ClInclude Include="..\external_tools\googletest\googlemock\include\gmock\gmock.h">
      <Filter>Header Files</Filter>
    </ClInclude>
    <ClInclude Include="..\external_tools\googletest\googlemock\include\gmock\internal\gmock-generated-internal-utils.h">
      <Filter>Header Files</Filter>
    </ClInclude>
    <ClInclude Include="..\external_tools\googletest\googlemock\include\gmock\internal\gmock-internal-utils.h">
      <Filter>Header Files</Filter>
    </ClInclude>
    <ClInclude Include="..\external_tools\googletest\googlemock\include\gmock\internal\gmock-port.h">
      <Filter>Header Files</Filter>
    </ClInclude>
    <ClInclude Include="..\external_tools\googletest\googlemock\include\gmock\internal\custom\gmock-generated-actions.h">
      <Filter>Header Files</Filter>
    </ClInclude>
    <ClInclude Include="..\external_tools\googletest\googlemock\include\gmock\internal\custom\gmock-matchers.h">
      <Filter>Header Files</Filter>
    </ClInclude>
    <ClInclude Include="..\external_tools\googletest\googlemock\include\gmock\internal\custom\gmock-port.h">
      <Filter>Header Files</Filter>
    </ClInclude>
    <ClInclude Include="..\external_tools\googletest\googlemock\test\gmock_link_test.h">
      <Filter>Header Files</Filter>
    </ClInclude>
    <ClInclude Include="..\external_tools\googletest\googletest\include\gtest\gtest-death-test.h">
      <Filter>Header Files</Filter>
    </ClInclude>
    <ClInclude Include="..\external_tools\googletest\googletest\include\gtest\gtest-message.h">
      <Filter>Header Files</Filter>
    </ClInclude>
    <ClInclude Include="..\external_tools\googletest\googletest\include\gtest\gtest-param-test.h">
      <Filter>Header Files</Filter>
    </ClInclude>
    <ClInclude Include="..\external_tools\googletest\googletest\include\gtest\gtest-printers.h">
      <Filter>Header Files</Filter>
    </ClInclude>
    <ClInclude Include="..\external_tools\googletest\googletest\include\gtest\gtest-spi.h">
      <Filter>Header Files</Filter>
    </ClInclude>
    <ClInclude Include="..\external_tools\googletest\googletest\include\gtest\gtest-test-part.h">
      <Filter>Header Files</Filter>
    </ClInclude>
    <ClInclude Include="..\external_tools\googletest\googletest\include\gtest\gtest-typed-test.h">
      <Filter>Header Files</Filter>
    </ClInclude>
    <ClInclude Include="..\external_tools\googletest\googletest\include\gtest\gtest.h">
      <Filter>Header Files</Filter>
    </ClInclude>
    <ClInclude Include="..\external_tools\googletest\googletest\include\gtest\gtest_pred_impl.h">
      <Filter>Header Files</Filter>
    </ClInclude>
    <ClInclude Include="..\external_tools\googletest\googletest\include\gtest\gtest_prod.h">
      <Filter>Header Files</Filter>
    </ClInclude>
    <ClInclude Include="..\external_tools\googletest\googletest\include\gtest\internal\gtest-death-test-internal.h">
      <Filter>Header Files</Filter>
    </ClInclude>
    <ClInclude Include="..\external_tools\googletest\googletest\include\gtest\internal\gtest-filepath.h">
      <Filter>Header Files</Filter>
    </ClInclude>
    <ClInclude Include="..\external_tools\googletest\googletest\include\gtest\internal\gtest-internal.h">
      <Filter>Header Files</Filter>
    </ClInclude>
    <ClInclude Include="..\external_tools\googletest\googletest\include\gtest\internal\gtest-linked_ptr.h">
      <Filter>Header Files</Filter>
    </ClInclude>
    <ClInclude Include="..\external_tools\googletest\googletest\include\gtest\internal\gtest-param-util-generated.h">
      <Filter>Header Files</Filter>
    </ClInclude>
    <ClInclude Include="..\external_tools\googletest\googletest\include\gtest\internal\gtest-param-util.h">
      <Filter>Header Files</Filter>
    </ClInclude>
    <ClInclude Include="..\external_tools\googletest\googletest\include\gtest\internal\gtest-port-arch.h">
      <Filter>Header Files</Filter>
    </ClInclude>
    <ClInclude Include="..\external_tools\googletest\googletest\include\gtest\internal\gtest-port.h">
      <Filter>Header Files</Filter>
    </ClInclude>
    <ClInclude Include="..\external_tools\googletest\googletest\include\gtest\internal\gtest-string.h">
      <Filter>Header Files</Filter>
    </ClInclude>
    <ClInclude Include="..\external_tools\googletest\googletest\include\gtest\internal\gtest-tuple.h">
      <Filter>Header Files</Filter>
    </ClInclude>
    <ClInclude Include="..\external_tools\googletest\googletest\include\gtest\internal\gtest-type-util.h">
      <Filter>Header Files</Filter>
    </ClInclude>
    <ClInclude Include="..\external_tools\googletest\googletest\include\gtest\internal\custom\gtest-port.h">
      <Filter>Header Files</Filter>
    </ClInclude>
    <ClInclude Include="..\external_tools\googletest\googletest\include\gtest\internal\custom\gtest-printers.h">
      <Filter>Header Files</Filter>
    </ClInclude>
    <ClInclude Include="..\external_tools\googletest\googletest\include\gtest\internal\custom\gtest.h">
      <Filter>Header Files</Filter>
    </ClInclude>
    <ClInclude Include="..\external_tools\googletest\googletest\samples\prime_tables.h">
      <Filter>Header Files</Filter>
    </ClInclude>
    <ClInclude Include="..\external_tools\googletest\googletest\samples\sample1.h">
      <Filter>Header Files</Filter>
    </ClInclude>
    <ClInclude Include="..\external_tools\googletest\googletest\samples\sample2.h">
      <Filter>Header Files</Filter>
    </ClInclude>
    <ClInclude Include="..\external_tools\googletest\googletest\samples\sample3-inl.h">
      <Filter>Header Files</Filter>
    </ClInclude>
    <ClInclude Include="..\external_tools\googletest\googletest\samples\sample4.h">
      <Filter>Header Files</Filter>
    </ClInclude>
    <ClInclude Include="..\external_tools\googletest\googletest\src\gtest-internal-inl.h">
      <Filter>Header Files</Filter>
    </ClInclude>
    <ClInclude Include="..\external_tools\googletest\googletest\test\gtest-param-test_test.h">
      <Filter>Header Files</Filter>
    </ClInclude>
    <ClInclude Include="..\external_tools\googletest\googletest\test\gtest-typed-test_test.h">
      <Filter>Header Files</Filter>
    </ClInclude>
    <ClInclude Include="..\external_tools\googletest\googletest\test\production.h">
      <Filter>Header Files</Filter>
    </ClInclude>
    <ClInclude Include="..\external_tools\googletest\googletest\xcode\samples\frameworksample\widget.h">
      <Filter>Header Files</Filter>
    </ClInclude>
    <ClInclude Include="..\external_tools\sqlplot-tools\examples\stats_writer\stats_writer.h">
      <Filter>Header Files</Filter>
    </ClInclude>
    <ClInclude Include="..\external_tools\sqlplot-tools\src\common.h">
      <Filter>Header Files</Filter>
    </ClInclude>
    <ClInclude Include="..\external_tools\sqlplot-tools\src\fieldset.h">
      <Filter>Header Files</Filter>
    </ClInclude>
    <ClInclude Include="..\external_tools\sqlplot-tools\src\importdata.h">
      <Filter>Header Files</Filter>
    </ClInclude>
    <ClInclude Include="..\external_tools\sqlplot-tools\src\mysql.h">
      <Filter>Header Files</Filter>
    </ClInclude>
    <ClInclude Include="..\external_tools\sqlplot-tools\src\pgsql.h">
      <Filter>Header Files</Filter>
    </ClInclude>
    <ClInclude Include="..\external_tools\sqlplot-tools\src\reformat.h">
      <Filter>Header Files</Filter>
    </ClInclude>
    <ClInclude Include="..\external_tools\sqlplot-tools\src\simpleglob.h">
      <Filter>Header Files</Filter>
    </ClInclude>
    <ClInclude Include="..\external_tools\sqlplot-tools\src\simpleopt.h">
      <Filter>Header Files</Filter>
    </ClInclude>
    <ClInclude Include="..\external_tools\sqlplot-tools\src\sql.h">
      <Filter>Header Files</Filter>
    </ClInclude>
    <ClInclude Include="..\external_tools\sqlplot-tools\src\sqlite.h">
      <Filter>Header Files</Filter>
    </ClInclude>
    <ClInclude Include="..\external_tools\sqlplot-tools\src\strtools.h">
      <Filter>Header Files</Filter>
    </ClInclude>
    <ClInclude Include="..\external_tools\sqlplot-tools\src\textlines.h">
      <Filter>Header Files</Filter>
    </ClInclude>
    <ClInclude Include="..\external_tools\xxhash\xxhash.h">
      <Filter>Header Files</Filter>
    </ClInclude>
    <ClInclude Include="..\kahypar\definitions.h">
      <Filter>Header Files</Filter>
    </ClInclude>
    <ClInclude Include="..\kahypar\kahypar.h">
      <Filter>Header Files</Filter>
    </ClInclude>
    <ClInclude Include="..\kahypar\macros.h">
      <Filter>Header Files</Filter>
    </ClInclude>
    <ClInclude Include="..\kahypar\datastructure\binary_heap.h">
      <Filter>Header Files</Filter>
    </ClInclude>
    <ClInclude Include="..\kahypar\datastructure\bucket_queue.h">
      <Filter>Header Files</Filter>
    </ClInclude>
    <ClInclude Include="..\kahypar\datastructure\connectivity_sets.h">
      <Filter>Header Files</Filter>
    </ClInclude>
    <ClInclude Include="..\kahypar\datastructure\fast_reset_array.h">
      <Filter>Header Files</Filter>
    </ClInclude>
    <ClInclude Include="..\kahypar\datastructure\fast_reset_flag_array.h">
      <Filter>Header Files</Filter>
    </ClInclude>
    <ClInclude Include="..\kahypar\datastructure\hash_table.h">
      <Filter>Header Files</Filter>
    </ClInclude>
    <ClInclude Include="..\kahypar\datastructure\hypergraph.h">
      <Filter>Header Files</Filter>
    </ClInclude>
    <ClInclude Include="..\kahypar\datastructure\hypergraph2.h">
      <Filter>Header Files</Filter>
    </ClInclude>
    <ClInclude Include="..\kahypar\datastructure\incidence_set.h">
      <Filter>Header Files</Filter>
    </ClInclude>
    <ClInclude Include="..\kahypar\datastructure\kway_priority_queue.h">
      <Filter>Header Files</Filter>
    </ClInclude>
    <ClInclude Include="..\kahypar\datastructure\sparse_map.h">
      <Filter>Header Files</Filter>
    </ClInclude>
    <ClInclude Include="..\kahypar\datastructure\sparse_set.h">
      <Filter>Header Files</Filter>
    </ClInclude>
    <ClInclude Include="..\kahypar\io\hypergraph_io.h">
      <Filter>Header Files</Filter>
    </ClInclude>
    <ClInclude Include="..\kahypar\io\partitioning_output.h">
      <Filter>Header Files</Filter>
    </ClInclude>
    <ClInclude Include="..\kahypar\io\sql_plottools_serializer.h">
      <Filter>Header Files</Filter>
    </ClInclude>
    <ClInclude Include="..\kahypar\meta\abstract_factory.h">
      <Filter>Header Files</Filter>
    </ClInclude>
    <ClInclude Include="..\kahypar\meta\empty.h">
      <Filter>Header Files</Filter>
    </ClInclude>
    <ClInclude Include="..\kahypar\meta\function_traits.h">
      <Filter>Header Files</Filter>
    </ClInclude>
    <ClInclude Include="..\kahypar\meta\int_to_type.h">
      <Filter>Header Files</Filter>
    </ClInclude>
    <ClInclude Include="..\kahypar\meta\mandatory.h">
      <Filter>Header Files</Filter>
    </ClInclude>
    <ClInclude Include="..\kahypar\meta\policy_registry.h">
      <Filter>Header Files</Filter>
    </ClInclude>
    <ClInclude Include="..\kahypar\meta\registrar.h">
      <Filter>Header Files</Filter>
    </ClInclude>
    <ClInclude Include="..\kahypar\meta\select.h">
      <Filter>Header Files</Filter>
    </ClInclude>
    <ClInclude Include="..\kahypar\meta\static_double_dispatch_factory.h">
      <Filter>Header Files</Filter>
    </ClInclude>
    <ClInclude Include="..\kahypar\meta\static_multi_dispatch_factory.h">
      <Filter>Header Files</Filter>
    </ClInclude>
    <ClInclude Include="..\kahypar\meta\template_parameter_to_string.h">
      <Filter>Header Files</Filter>
    </ClInclude>
    <ClInclude Include="..\kahypar\meta\typelist.h">
      <Filter>Header Files</Filter>
    </ClInclude>
    <ClInclude Include="..\kahypar\partition\configuration.h">
      <Filter>Header Files</Filter>
    </ClInclude>
    <ClInclude Include="..\kahypar\partition\configuration_enum_classes.h">
      <Filter>Header Files</Filter>
    </ClInclude>
    <ClInclude Include="..\kahypar\partition\factories.h">
      <Filter>Header Files</Filter>
    </ClInclude>
    <ClInclude Include="..\kahypar\partition\metrics.h">
      <Filter>Header Files</Filter>
    </ClInclude>
    <ClInclude Include="..\kahypar\partition\partitioner.h">
      <Filter>Header Files</Filter>
    </ClInclude>
    <ClInclude Include="..\kahypar\partition\coarsening\coarsener_base.h">
      <Filter>Header Files</Filter>
    </ClInclude>
    <ClInclude Include="..\kahypar\partition\coarsening\coarsening_memento.h">
      <Filter>Header Files</Filter>
    </ClInclude>
    <ClInclude Include="..\kahypar\partition\coarsening\do_nothing_coarsener.h">
      <Filter>Header Files</Filter>
    </ClInclude>
    <ClInclude Include="..\kahypar\partition\coarsening\full_vertex_pair_coarsener.h">
      <Filter>Header Files</Filter>
    </ClInclude>
    <ClInclude Include="..\kahypar\partition\coarsening\heavy_edge_rater.h">
      <Filter>Header Files</Filter>
    </ClInclude>
    <ClInclude Include="..\kahypar\partition\coarsening\hypergraph_pruner.h">
      <Filter>Header Files</Filter>
    </ClInclude>
    <ClInclude Include="..\kahypar\partition\coarsening\i_coarsener.h">
      <Filter>Header Files</Filter>
    </ClInclude>
    <ClInclude Include="..\kahypar\partition\coarsening\lazy_vertex_pair_coarsener.h">
      <Filter>Header Files</Filter>
    </ClInclude>
    <ClInclude Include="..\kahypar\partition\coarsening\ml_coarsener.h">
      <Filter>Header Files</Filter>
    </ClInclude>
    <ClInclude Include="..\kahypar\partition\coarsening\vertex_pair_coarsener_base.h">
      <Filter>Header Files</Filter>
    </ClInclude>
    <ClInclude Include="..\kahypar\partition\coarsening\policies\rating_tie_breaking_policy.h">
      <Filter>Header Files</Filter>
    </ClInclude>
    <ClInclude Include="..\kahypar\partition\initial_partitioning\bfs_initial_partitioner.h">
      <Filter>Header Files</Filter>
    </ClInclude>
    <ClInclude Include="..\kahypar\partition\initial_partitioning\greedy_hypergraph_growing_initial_partitioner.h">
      <Filter>Header Files</Filter>
    </ClInclude>
    <ClInclude Include="..\kahypar\partition\initial_partitioning\initial_partitioner_base.h">
      <Filter>Header Files</Filter>
    </ClInclude>
    <ClInclude Include="..\kahypar\partition\initial_partitioning\initial_partitioning.h">
      <Filter>Header Files</Filter>
    </ClInclude>
    <ClInclude Include="..\kahypar\partition\initial_partitioning\i_initial_partitioner.h">
      <Filter>Header Files</Filter>
    </ClInclude>
    <ClInclude Include="..\kahypar\partition\initial_partitioning\label_propagation_initial_partitioner.h">
      <Filter>Header Files</Filter>
    </ClInclude>
    <ClInclude Include="..\kahypar\partition\initial_partitioning\pool_initial_partitioner.h">
      <Filter>Header Files</Filter>
    </ClInclude>
    <ClInclude Include="..\kahypar\partition\initial_partitioning\random_initial_partitioner.h">
      <Filter>Header Files</Filter>
    </ClInclude>
    <ClInclude Include="..\kahypar\partition\initial_partitioning\policies\ip_gain_computation_policy.h">
      <Filter>Header Files</Filter>
    </ClInclude>
    <ClInclude Include="..\kahypar\partition\initial_partitioning\policies\ip_greedy_queue_selection_policy.h">
      <Filter>Header Files</Filter>
    </ClInclude>
    <ClInclude Include="..\kahypar\partition\initial_partitioning\policies\ip_start_node_selection_policy.h">
      <Filter>Header Files</Filter>
    </ClInclude>
    <ClInclude Include="..\kahypar\partition\preprocessing\adaptive_lsh.h">
      <Filter>Header Files</Filter>
    </ClInclude>
    <ClInclude Include="..\kahypar\partition\preprocessing\large_hyperedge_remover.h">
      <Filter>Header Files</Filter>
    </ClInclude>
    <ClInclude Include="..\kahypar\partition\preprocessing\min_hash_sparsifier.h">
      <Filter>Header Files</Filter>
    </ClInclude>
    <ClInclude Include="..\kahypar\partition\preprocessing\single_node_hyperedge_remover.h">
      <Filter>Header Files</Filter>
    </ClInclude>
    <ClInclude Include="..\kahypar\partition\preprocessing\policies\min_hash_policy.h">
      <Filter>Header Files</Filter>
    </ClInclude>
    <ClInclude Include="..\kahypar\partition\refinement\2way_fm_gain_cache.h">
      <Filter>Header Files</Filter>
    </ClInclude>
    <ClInclude Include="..\kahypar\partition\refinement\2way_fm_refiner.h">
      <Filter>Header Files</Filter>
    </ClInclude>
    <ClInclude Include="..\kahypar\partition\refinement\do_nothing_refiner.h">
      <Filter>Header Files</Filter>
    </ClInclude>
    <ClInclude Include="..\kahypar\partition\refinement\fm_refiner_base.h">
      <Filter>Header Files</Filter>
    </ClInclude>
    <ClInclude Include="..\kahypar\partition\refinement\gain_cache_element.h">
      <Filter>Header Files</Filter>
    </ClInclude>
    <ClInclude Include="..\kahypar\partition\refinement\i_refiner.h">
      <Filter>Header Files</Filter>
    </ClInclude>
    <ClInclude Include="..\kahypar\partition\refinement\kway_fm_cut_refiner.h">
      <Filter>Header Files</Filter>
    </ClInclude>
    <ClInclude Include="..\kahypar\partition\refinement\kway_fm_gain_cache.h">
      <Filter>Header Files</Filter>
    </ClInclude>
    <ClInclude Include="..\kahypar\partition\refinement\kway_fm_km1_refiner.h">
      <Filter>Header Files</Filter>
    </ClInclude>
    <ClInclude Include="..\kahypar\partition\refinement\kway_fm_max_gain_node_refiner.h">
      <Filter>Header Files</Filter>
    </ClInclude>
    <ClInclude Include="..\kahypar\partition\refinement\lp_gain_cache.h">
      <Filter>Header Files</Filter>
    </ClInclude>
    <ClInclude Include="..\kahypar\partition\refinement\lp_refiner.h">
      <Filter>Header Files</Filter>
    </ClInclude>
    <ClInclude Include="..\kahypar\partition\refinement\uncontraction_gain_changes.h">
      <Filter>Header Files</Filter>
    </ClInclude>
    <ClInclude Include="..\kahypar\partition\refinement\policies\2fm_rebalancing_policy.h">
      <Filter>Header Files</Filter>
    </ClInclude>
    <ClInclude Include="..\kahypar\partition\refinement\policies\fm_improvement_policy.h">
      <Filter>Header Files</Filter>
    </ClInclude>
    <ClInclude Include="..\kahypar\partition\refinement\policies\fm_stop_policy.h">
      <Filter>Header Files</Filter>
    </ClInclude>
    <ClInclude Include="..\kahypar\utils\float_compare.h">
      <Filter>Header Files</Filter>
    </ClInclude>
    <ClInclude Include="..\kahypar\utils\hash_vector.h">
      <Filter>Header Files</Filter>
    </ClInclude>
    <ClInclude Include="..\kahypar\utils\math.h">
      <Filter>Header Files</Filter>
    </ClInclude>
    <ClInclude Include="..\kahypar\utils\randomize.h">
      <Filter>Header Files</Filter>
    </ClInclude>
    <ClInclude Include="..\kahypar\utils\stats.h">
      <Filter>Header Files</Filter>
    </ClInclude>
    <ClInclude Include="..\kahypar\utils\timer.h">
      <Filter>Header Files</Filter>
    </ClInclude>
    <ClInclude Include="..\tests\datastructure\hypergraph_test_fixtures.h">
      <Filter>Header Files</Filter>
    </ClInclude>
    <ClInclude Include="..\tests\io\hypergraph_io_test_fixtures.h">
      <Filter>Header Files</Filter>
    </ClInclude>
    <ClInclude Include="..\tests\partition\coarsening\vertex_pair_coarsener_test_fixtures.h">
      <Filter>Header Files</Filter>
    </ClInclude>
    <ClInclude Include="..\tools\bookshelf_to_hgr_converter.h">
      <Filter>Header Files</Filter>
    </ClInclude>
    <ClInclude Include="..\tools\cnf_to_hgr_conversion.h">
      <Filter>Header Files</Filter>
    </ClInclude>
    <ClInclude Include="..\tools\hgr_to_edgelist_conversion.h">
      <Filter>Header Files</Filter>
    </ClInclude>
    <ClInclude Include="..\tools\mtx_to_hgr_conversion.h">
      <Filter>Header Files</Filter>
    </ClInclude>
  </ItemGroup>
  <ItemGroup>
    <None Include="modules\getgitrevisiondescription.cmake_files\indicator.html" />
    <None Include="..\external_tools\googletest\googlemock\scripts\generator\README.cppclean" />
  </ItemGroup>
</Project>